
Microsoft Visual Studio Solution File, Format Version 12.00
# Visual Studio Version 17
VisualStudioVersion = 17.5.002.0
MinimumVisualStudioVersion = 10.0.40219.1
Project("{9A19103F-16F7-4668-BE54-9A1E7A4F7556}") = "IdUtils", "IdUtils\IdUtils.csproj", "{20F8ACF8-4FE4-44E7-85F6-6FD31AC4C24E}"
EndProject
Project("{9A19103F-16F7-4668-BE54-9A1E7A4F7556}") = "Library", "Library\Library.csproj", "{1DD04564-16B6-47D7-92D1-4AB3E793CF3E}"
EndProject
Global
	GlobalSection(SolutionConfigurationPlatforms) = preSolution
		Debug|Any CPU = Debug|Any CPU
		Release|Any CPU = Release|Any CPU
	EndGlobalSection
	GlobalSection(ProjectConfigurationPlatforms) = postSolution
		{20F8ACF8-4FE4-44E7-85F6-6FD31AC4C24E}.Debug|Any CPU.ActiveCfg = Debug|Any CPU
		{20F8ACF8-4FE4-44E7-85F6-6FD31AC4C24E}.Debug|Any CPU.Build.0 = Debug|Any CPU
		{20F8ACF8-4FE4-44E7-85F6-6FD31AC4C24E}.Release|Any CPU.ActiveCfg = Release|Any CPU
		{20F8ACF8-4FE4-44E7-85F6-6FD31AC4C24E}.Release|Any CPU.Build.0 = Release|Any CPU
		{1DD04564-16B6-47D7-92D1-4AB3E793CF3E}.Debug|Any CPU.ActiveCfg = Debug|Any CPU
		{1DD04564-16B6-47D7-92D1-4AB3E793CF3E}.Debug|Any CPU.Build.0 = Debug|Any CPU
		{1DD04564-16B6-47D7-92D1-4AB3E793CF3E}.Release|Any CPU.ActiveCfg = Release|Any CPU
		{1DD04564-16B6-47D7-92D1-4AB3E793CF3E}.Release|Any CPU.Build.0 = Release|Any CPU
	EndGlobalSection
	GlobalSection(SolutionProperties) = preSolution
		HideSolutionNode = FALSE
	EndGlobalSection
	GlobalSection(ExtensibilityGlobals) = postSolution
		SolutionGuid = {7932F1FA-9337-4462-8BAF-B82EC7E4582E}
	EndGlobalSection
EndGlobal
